{
  "name": "calendar",
  "version": "1.0.0",
  "lockfileVersion": 1,
  "requires": true,
  "dependencies": {
    "bootstrap": {
      "version": "4.0.0",
      "resolved": "https://registry.npmjs.org/bootstrap/-/bootstrap-4.0.0.tgz",
      "integrity": "sha512-gulJE5dGFo6Q61V/whS6VM4WIyrlydXfCgkE+Gxe5hjrJ8rXLLZlALq7zq2RPhOc45PSwQpJkrTnc2KgD6cvmA=="
    },
    "bpmn-moddle": {
      "version": "3.0.2",
      "resolved": "https://registry.npmjs.org/bpmn-moddle/-/bpmn-moddle-3.0.2.tgz",
      "integrity": "sha512-5Lj9TMuSPgh5Zep9lIom2QRnSsHdyJ1EJ0AMGVIuPoL97AdLt3+QRpo/TR1IsyW8eX6UdMWOg8S53ubd26bdfg==",
      "requires": {
        "min-dash": "2.3.0",
        "moddle": "3.0.0",
        "moddle-xml": "5.0.2"
      }
    },
    "file-saver": {
      "version": "1.3.8",
      "resolved": "https://registry.npmjs.org/file-saver/-/file-saver-1.3.8.tgz",
      "integrity": "sha512-spKHSBQIxxS81N/O21WmuXA2F6wppUCsutpzenOeZzOCCJ5gEfcbqJP983IrpLXzYmXnMUa6J03SubcNPdKrlg=="
    },
    "flatpickr": {
      "version": "4.4.4",
      "resolved": "https://registry.npmjs.org/flatpickr/-/flatpickr-4.4.4.tgz",
      "integrity": "sha512-blr5EirPWJBcJuVIUH6csBFYuFDmV+M2catCHiDGH4jotiFn/fSwRuvo5aUsQ/ZCCY8aggyOFZkUOAiZ4sVLog=="
    },
    "fullcalendar": {
      "version": "3.9.0",
      "resolved": "https://registry.npmjs.org/fullcalendar/-/fullcalendar-3.9.0.tgz",
      "integrity": "sha512-bbALDK8+SBqluv8SKPDeVNtaSr87NYblte/pRgV5NnDJWCEARpRlQ1qQ/XEakcAXbMZov6rWYIvLOrtKwQo2Bg==",
      "requires": {
        "jquery": "3.3.1",
        "moment": "2.22.0"
      }
    },
    "hammerjs": {
      "version": "2.0.8",
      "resolved": "https://registry.npmjs.org/hammerjs/-/hammerjs-2.0.8.tgz",
      "integrity": "sha1-BO93hiz/K7edMPdpIJWTAiK/YPE="
    },
    "hoek": {
      "version": "4.2.1",
      "resolved": "https://registry.npmjs.org/hoek/-/hoek-4.2.1.tgz",
      "integrity": "sha512-QLg82fGkfnJ/4iy1xZ81/9SIJiq1NGFUMGs6ParyjBZr6jW2Ufj/snDqTHixNlHdPNwN2RLVD0Pi3igeK9+JfA=="
    },
    "ical.js": {
      "version": "1.2.2",
      "resolved": "https://registry.npmjs.org/ical.js/-/ical.js-1.2.2.tgz",
      "integrity": "sha1-WbUXNiqPYdzgNC/mfet8IN0Rn24="
    },
    "ics": {
      "version": "2.4.1",
      "resolved": "https://registry.npmjs.org/ics/-/ics-2.4.1.tgz",
      "integrity": "sha1-+smQbUtVg3nKOrqOh3DjM3aUxts=",
      "requires": {
        "joi": "10.6.0",
        "lodash": "4.17.5",
        "moment": "2.22.0",
        "uuid": "3.2.1"
      }
    },
    "isemail": {
      "version": "2.2.1",
      "resolved": "https://registry.npmjs.org/isemail/-/isemail-2.2.1.tgz",
      "integrity": "sha1-A1PT2aYpUQgMJiwqoKQrjqjp4qY="
    },
    "items": {
      "version": "2.1.1",
      "resolved": "https://registry.npmjs.org/items/-/items-2.1.1.tgz",
      "integrity": "sha1-i9FtnIOxlSneWuoyGsqtp4NkoZg="
    },
    "joi": {
      "version": "10.6.0",
      "resolved": "https://registry.npmjs.org/joi/-/joi-10.6.0.tgz",
      "integrity": "sha512-hBF3LcqyAid+9X/pwg+eXjD2QBZI5eXnBFJYaAkH4SK3mp9QSRiiQnDYlmlz5pccMvnLcJRS4whhDOTCkmsAdQ==",
      "requires": {
        "hoek": "4.2.1",
        "isemail": "2.2.1",
        "items": "2.1.1",
        "topo": "2.0.2"
      }
    },
    "jquery": {
      "version": "3.3.1",
      "resolved": "https://registry.npmjs.org/jquery/-/jquery-3.3.1.tgz",
      "integrity": "sha512-Ubldcmxp5np52/ENotGxlLe6aGMvmF4R8S6tZjsP6Knsaxd/xp3Zrh50cG93lR6nPXyUFwzN3ZSOQI0wRJNdGg=="
    },
    "jquery-clock-timepicker": {
      "version": "2.2.5",
      "resolved": "https://registry.npmjs.org/jquery-clock-timepicker/-/jquery-clock-timepicker-2.2.5.tgz",
      "integrity": "sha512-ndv/F9TaB/9wLIGkNL1Jz8eBrYF9yiU7VxIOHLtWiouEsYPZHdUCXC9hjh0JevTOG10p9m1BDblel+ui3r7LGQ==",
      "requires": {
        "jquery": "3.3.1"
      }
    },
    "jquery-ui": {
      "version": "1.12.1",
      "resolved": "https://registry.npmjs.org/jquery-ui/-/jquery-ui-1.12.1.tgz",
      "integrity": "sha1-vLQEXI3QU5wTS8FIjN0+dop6nlE="
    },
    "js-datepicker": {
      "version": "2.3.0",
      "resolved": "https://registry.npmjs.org/js-datepicker/-/js-datepicker-2.3.0.tgz",
      "integrity": "sha512-n5z5196ZKp/IThzeVmU5svldip/6qUjw6BrwFpq2mP7TOD2SXblshubwnsCCicXrAk9JdGb4aNNekSJQ7b6zOA=="
    },
    "lodash": {
      "version": "4.17.5",
      "resolved": "https://registry.npmjs.org/lodash/-/lodash-4.17.5.tgz",
      "integrity": "sha512-svL3uiZf1RwhH+cWrfZn3A4+U58wbP0tGVTLQPbjplZxZ8ROD9VLuNgsRniTlLe7OlSqR79RUehXgpBW/s0IQw=="
    },
    "materialize-css": {
      "version": "0.100.2",
      "resolved": "https://registry.npmjs.org/materialize-css/-/materialize-css-0.100.2.tgz",
      "integrity": "sha512-Bf4YeoJCIdk4dlpnmVX+DIOJBbqOKwfBPD+tT5bxwXNFMLk649CGbldqtnctkkfMp+fGgSAsdYu9lo1ZolZqgA==",
      "requires": {
        "hammerjs": "2.0.8",
        "jquery": "3.3.1"
      }
    },
    "min-dash": {
      "version": "2.3.0",
      "resolved": "https://registry.npmjs.org/min-dash/-/min-dash-2.3.0.tgz",
      "integrity": "sha512-NYwPXiE+QuEa2mqg085blzYoMFcvZzca1GBvZEiFHSDYAhrayboPYR82DgmIGWoczlxPdgVeP4X+9O9u89PGGQ=="
    },
    "moddle": {
      "version": "3.0.0",
      "resolved": "https://registry.npmjs.org/moddle/-/moddle-3.0.0.tgz",
      "integrity": "sha512-r81IFvdfAdjhII/Qqb42mld0irpQNgsJb9Vu5rUZMcjCLx/CgI2fkvpJMSa1CHaw4FpPZTz+DK1lTPl6/eCtmw==",
      "requires": {
        "min-dash": "2.3.0"
      }
    },
    "moddle-xml": {
      "version": "5.0.2",
      "resolved": "https://registry.npmjs.org/moddle-xml/-/moddle-xml-5.0.2.tgz",
      "integrity": "sha512-7HRK0mG+keO7AOj8BDPZ5M+HmK5OLHBta181cTCcd2cMHV321t7KK0ixP0iJBbFCFB2O1/8Q3fGHOM+IKo7EbA==",
      "requires": {
        "min-dash": "2.3.0",
        "moddle": "3.0.0",
        "saxen": "7.0.1",
        "tiny-stack": "0.1.0"
      }
    },
    "moment": {
      "version": "2.22.0",
      "resolved": "https://registry.npmjs.org/moment/-/moment-2.22.0.tgz",
      "integrity": "sha512-1muXCh8jb1N/gHRbn9VDUBr0GYb8A/aVcHlII9QSB68a50spqEVLIGN6KVmCOnSvJrUhC0edGgKU5ofnGXdYdg=="
    },
    "saxen": {
      "version": "7.0.1",
      "resolved": "https://registry.npmjs.org/saxen/-/saxen-7.0.1.tgz",
      "integrity": "sha512-KK6BKJHHodZs7X3dnO6hZyX1zfAjC2e9snLWtN8ZB5++bjjNtPlh5TsOaBZzeSJRc1+d+TV80/KY2bHzkpsznA=="
    },
    "tiny-stack": {
      "version": "0.1.0",
      "resolved": "https://registry.npmjs.org/tiny-stack/-/tiny-stack-0.1.0.tgz",
      "integrity": "sha1-GoSBc/wL/FTne7LpUE0tPIrXliE="
    },
    "topo": {
      "version": "2.0.2",
      "resolved": "https://registry.npmjs.org/topo/-/topo-2.0.2.tgz",
      "integrity": "sha1-zVYVdSU5BXwNwEkaYhw7xvvh0YI=",
      "requires": {
        "hoek": "4.2.1"
      }
    },
    "uuid": {
      "version": "3.2.1",
      "resolved": "https://registry.npmjs.org/uuid/-/uuid-3.2.1.tgz",
      "integrity": "sha512-jZnMwlb9Iku/O3smGWvZhauCf6cvvpKi4BKRiliS3cxnI+Gz9j5MEpTz2UFuXiKPJocb7gnsLHwiS05ige5BEA=="
    }
  }
}
